
Microsoft Visual Studio Solution File, Format Version 12.00
# Visual Studio Version 17
VisualStudioVersion = 17.14.36221.1 d17.14
MinimumVisualStudioVersion = 10.0.40219.1
Project("{888888A0-9F3D-457C-B088-3A5042F75D52}") = "DynaZOR", "DynaZOR\DynaZOR.pyproj", "{525DA38A-92D1-4EDC-AD5A-B59B79FDADA2}"
EndProject
Global
	GlobalSection(SolutionConfigurationPlatforms) = preSolution
		Debug|Any CPU = Debug|Any CPU
		Release|Any CPU = Release|Any CPU
	EndGlobalSection
	GlobalSection(ProjectConfigurationPlatforms) = postSolution
		{525DA38A-92D1-4EDC-AD5A-B59B79FDADA2}.Debug|Any CPU.ActiveCfg = Debug|Any CPU
		{525DA38A-92D1-4EDC-AD5A-B59B79FDADA2}.Debug|Any CPU.Build.0 = Debug|Any CPU
		{525DA38A-92D1-4EDC-AD5A-B59B79FDADA2}.Release|Any CPU.ActiveCfg = Release|Any CPU
		{525DA38A-92D1-4EDC-AD5A-B59B79FDADA2}.Release|Any CPU.Build.0 = Release|Any CPU
	EndGlobalSection
	GlobalSection(SolutionProperties) = preSolution
		HideSolutionNode = FALSE
	EndGlobalSection
	GlobalSection(ExtensibilityGlobals) = postSolution
		SolutionGuid = {0664A39F-6543-4CAC-ACAA-C39000B17587}
	EndGlobalSection
EndGlobal
